
Microsoft Visual Studio Solution File, Format Version 12.00
# Visual Studio 15
VisualStudioVersion = 15.0.28307.572
MinimumVisualStudioVersion = 10.0.40219.1
Project("{F184B08F-C81C-45F6-A57F-5ABD9991F28F}") = "VBBDDV01", "VBBDDV01\VBBDDV01.vbproj", "{306DE282-3829-40E1-9A0C-0573B0AAD27A}"
EndProject
Global
	GlobalSection(SolutionConfigurationPlatforms) = preSolution
		Debug|Any CPU = Debug|Any CPU
		Release|Any CPU = Release|Any CPU
	EndGlobalSection
	GlobalSection(ProjectConfigurationPlatforms) = postSolution
		{306DE282-3829-40E1-9A0C-0573B0AAD27A}.Debug|Any CPU.ActiveCfg = Debug|Any CPU
		{306DE282-3829-40E1-9A0C-0573B0AAD27A}.Debug|Any CPU.Build.0 = Debug|Any CPU
		{306DE282-3829-40E1-9A0C-0573B0AAD27A}.Release|Any CPU.ActiveCfg = Release|Any CPU
		{306DE282-3829-40E1-9A0C-0573B0AAD27A}.Release|Any CPU.Build.0 = Release|Any CPU
	EndGlobalSection
	GlobalSection(SolutionProperties) = preSolution
		HideSolutionNode = FALSE
	EndGlobalSection
	GlobalSection(ExtensibilityGlobals) = postSolution
		SolutionGuid = {6C715D51-036F-48F2-955A-F48746F714FC}
	EndGlobalSection
EndGlobal
